
Microsoft Visual Studio Solution File, Format Version 9.00
# Visual Studio 2005
Project("{FAE04EC0-301F-11D3-BF4B-00C04F79EFBC}") = "Teachers_Strike_Simulator", "Teachers_Strike_Simulator\Teachers_Strike_Simulator.csproj", "{37804080-241B-46D8-9B95-8594528A4EC4}"
EndProject
Global
	GlobalSection(SolutionConfigurationPlatforms) = preSolution
		Debug|x86 = Debug|x86
		Release|x86 = Release|x86
	EndGlobalSection
	GlobalSection(ProjectConfigurationPlatforms) = postSolution
		{37804080-241B-46D8-9B95-8594528A4EC4}.Debug|x86.ActiveCfg = Debug|x86
		{37804080-241B-46D8-9B95-8594528A4EC4}.Debug|x86.Build.0 = Debug|x86
		{37804080-241B-46D8-9B95-8594528A4EC4}.Release|x86.ActiveCfg = Release|x86
		{37804080-241B-46D8-9B95-8594528A4EC4}.Release|x86.Build.0 = Release|x86
		{55C6E5E6-C30D-435C-A4E5-EF6C4678A243}.Debug|x86.ActiveCfg = Debug|x86
		{55C6E5E6-C30D-435C-A4E5-EF6C4678A243}.Release|x86.ActiveCfg = Release|x86
	EndGlobalSection
	GlobalSection(SolutionProperties) = preSolution
		HideSolutionNode = FALSE
	EndGlobalSection
EndGlobal
